
Microsoft Visual Studio Solution File, Format Version 12.00
# Visual Studio Version 17
VisualStudioVersion = 17.4.33103.184
MinimumVisualStudioVersion = 10.0.40219.1
Project("{FAE04EC0-301F-11D3-BF4B-00C04F79EFBC}") = "TiffToJPG", "TiffToJPG\TiffToJPG.csproj", "{AFF55E26-0850-410E-A761-A3E12EFFDCE0}"
EndProject
Project("{FAE04EC0-301F-11D3-BF4B-00C04F79EFBC}") = "ConsoleApp1", "ConsoleApp1\ConsoleApp1.csproj", "{C9181E36-B54C-4524-A151-789C326DF80E}"
EndProject
Global
	GlobalSection(SolutionConfigurationPlatforms) = preSolution
		Debug|Any CPU = Debug|Any CPU
		Release|Any CPU = Release|Any CPU
	EndGlobalSection
	GlobalSection(ProjectConfigurationPlatforms) = postSolution
		{AFF55E26-0850-410E-A761-A3E12EFFDCE0}.Debug|Any CPU.ActiveCfg = Debug|Any CPU
		{AFF55E26-0850-410E-A761-A3E12EFFDCE0}.Debug|Any CPU.Build.0 = Debug|Any CPU
		{AFF55E26-0850-410E-A761-A3E12EFFDCE0}.Release|Any CPU.ActiveCfg = Release|Any CPU
		{AFF55E26-0850-410E-A761-A3E12EFFDCE0}.Release|Any CPU.Build.0 = Release|Any CPU
		{C9181E36-B54C-4524-A151-789C326DF80E}.Debug|Any CPU.ActiveCfg = Debug|Any CPU
		{C9181E36-B54C-4524-A151-789C326DF80E}.Debug|Any CPU.Build.0 = Debug|Any CPU
		{C9181E36-B54C-4524-A151-789C326DF80E}.Release|Any CPU.ActiveCfg = Release|Any CPU
		{C9181E36-B54C-4524-A151-789C326DF80E}.Release|Any CPU.Build.0 = Release|Any CPU
	EndGlobalSection
	GlobalSection(SolutionProperties) = preSolution
		HideSolutionNode = FALSE
	EndGlobalSection
	GlobalSection(ExtensibilityGlobals) = postSolution
		SolutionGuid = {B430DF96-7191-48EF-ACF1-F4D700073655}
	EndGlobalSection
EndGlobal
